# This file was autogenerated by Stack.
# You should not edit this file by hand.
# For more information, please see the documentation at:
#   https://docs.haskellstack.org/en/stable/lock_files

packages: []
snapshots:
- completed:
    sha256: 660e6e03f3c8df1016fc288530dff0f679864f903a01edcd6cc1398971ee63f5
    size: 421885
    url: https://raw.githubusercontent.com/commercialhaskell/stackage-snapshots/master/lts/7/12.yaml
  original: lts-7.12
